{
  "requires": true,
  "lockfileVersion": 1,
  "dependencies": {
    "ramda": {
      "version": "0.27.1",
      "resolved": "https://registry.npm.taobao.org/ramda/download/ramda-0.27.1.tgz?cache=0&sync_timestamp=1596096994661&other_urls=https%3A%2F%2Fregistry.npm.taobao.org%2Framda%2Fdownload%2Framda-0.27.1.tgz",
      "integrity": "sha1-Zvwt8++HOHT/wtpqqJhGWKus9ck="
    }
  }
}
